
Microsoft Visual Studio Solution File, Format Version 11.00
# Visual Studio 2010
Project("{FAE04EC0-301F-11D3-BF4B-00C04F79EFBC}") = "BattleShip", "BattleShip\BattleShip.csproj", "{DFF758A2-1C62-48C9-AAE3-B895F7B9E9BE}"
EndProject
Project("{FAE04EC0-301F-11D3-BF4B-00C04F79EFBC}") = "BattleShipTests", "BattleShipTests\BattleShipTests.csproj", "{9DCAEED3-E91C-46F1-9F48-E1AF19B4D01A}"
EndProject
Project("{2150E333-8FDC-42A3-9474-1A3956D46DE8}") = "Solution Items", "Solution Items", "{964F422C-D05D-4090-9666-D4B5A3990168}"
	ProjectSection(SolutionItems) = preProject
		BattleShip1.vsmdi = BattleShip1.vsmdi
		Local.testsettings = Local.testsettings
		TraceAndTestImpact.testsettings = TraceAndTestImpact.testsettings
	EndProjectSection
EndProject
Global
	GlobalSection(TestCaseManagementSettings) = postSolution
		CategoryFile = BattleShip1.vsmdi
	EndGlobalSection
	GlobalSection(SolutionConfigurationPlatforms) = preSolution
		Debug|Any CPU = Debug|Any CPU
		Debug|Mixed Platforms = Debug|Mixed Platforms
		Debug|x86 = Debug|x86
		Release|Any CPU = Release|Any CPU
		Release|Mixed Platforms = Release|Mixed Platforms
		Release|x86 = Release|x86
	EndGlobalSection
	GlobalSection(ProjectConfigurationPlatforms) = postSolution
		{DFF758A2-1C62-48C9-AAE3-B895F7B9E9BE}.Debug|Any CPU.ActiveCfg = Debug|x86
		{DFF758A2-1C62-48C9-AAE3-B895F7B9E9BE}.Debug|Mixed Platforms.ActiveCfg = Debug|x86
		{DFF758A2-1C62-48C9-AAE3-B895F7B9E9BE}.Debug|Mixed Platforms.Build.0 = Debug|x86
		{DFF758A2-1C62-48C9-AAE3-B895F7B9E9BE}.Debug|x86.ActiveCfg = Debug|x86
		{DFF758A2-1C62-48C9-AAE3-B895F7B9E9BE}.Debug|x86.Build.0 = Debug|x86
		{DFF758A2-1C62-48C9-AAE3-B895F7B9E9BE}.Release|Any CPU.ActiveCfg = Release|x86
		{DFF758A2-1C62-48C9-AAE3-B895F7B9E9BE}.Release|Mixed Platforms.ActiveCfg = Release|x86
		{DFF758A2-1C62-48C9-AAE3-B895F7B9E9BE}.Release|Mixed Platforms.Build.0 = Release|x86
		{DFF758A2-1C62-48C9-AAE3-B895F7B9E9BE}.Release|x86.ActiveCfg = Release|x86
		{DFF758A2-1C62-48C9-AAE3-B895F7B9E9BE}.Release|x86.Build.0 = Release|x86
		{9DCAEED3-E91C-46F1-9F48-E1AF19B4D01A}.Debug|Any CPU.ActiveCfg = Debug|Any CPU
		{9DCAEED3-E91C-46F1-9F48-E1AF19B4D01A}.Debug|Any CPU.Build.0 = Debug|Any CPU
		{9DCAEED3-E91C-46F1-9F48-E1AF19B4D01A}.Debug|Mixed Platforms.ActiveCfg = Debug|Any CPU
		{9DCAEED3-E91C-46F1-9F48-E1AF19B4D01A}.Debug|Mixed Platforms.Build.0 = Debug|Any CPU
		{9DCAEED3-E91C-46F1-9F48-E1AF19B4D01A}.Debug|x86.ActiveCfg = Debug|Any CPU
		{9DCAEED3-E91C-46F1-9F48-E1AF19B4D01A}.Release|Any CPU.ActiveCfg = Release|Any CPU
		{9DCAEED3-E91C-46F1-9F48-E1AF19B4D01A}.Release|Any CPU.Build.0 = Release|Any CPU
		{9DCAEED3-E91C-46F1-9F48-E1AF19B4D01A}.Release|Mixed Platforms.ActiveCfg = Release|Any CPU
		{9DCAEED3-E91C-46F1-9F48-E1AF19B4D01A}.Release|Mixed Platforms.Build.0 = Release|Any CPU
		{9DCAEED3-E91C-46F1-9F48-E1AF19B4D01A}.Release|x86.ActiveCfg = Release|Any CPU
	EndGlobalSection
	GlobalSection(SolutionProperties) = preSolution
		HideSolutionNode = FALSE
	EndGlobalSection
EndGlobal
